// !$*UTF8*$!
{
	archiveVersion = 1;
	classes = {
	};
	objectVersion = 46;
	objects = {

/* Begin PBXBuildFile section */
		9A4589A51C7C047B009ACCA9 /* AppDelegate.swift in Sources */ = {isa = PBXBuildFile; fileRef = 9A4589A41C7C047B009ACCA9 /* AppDelegate.swift */; };
		9A4589A71C7C047B009ACCA9 /* GameScene.sks in Resources */ = {isa = PBXBuildFile; fileRef = 9A4589A61C7C047B009ACCA9 /* GameScene.sks */; };
		9A4589A91C7C047B009ACCA9 /* GameScene.swift in Sources */ = {isa = PBXBuildFile; fileRef = 9A4589A81C7C047B009ACCA9 /* GameScene.swift */; };
		9A4589AB1C7C047B009ACCA9 /* GameViewController.swift in Sources */ = {isa = PBXBuildFile; fileRef = 9A4589AA1C7C047B009ACCA9 /* GameViewController.swift */; };
		9A4589AE1C7C047B009ACCA9 /* Main.storyboard in Resources */ = {isa = PBXBuildFile; fileRef = 9A4589AC1C7C047B009ACCA9 /* Main.storyboard */; };
		9A4589B01C7C047B009ACCA9 /* Assets.xcassets in Resources */ = {isa = PBXBuildFile; fileRef = 9A4589AF1C7C047B009ACCA9 /* Assets.xcassets */; };
		9A4589B31C7C047B009ACCA9 /* LaunchScreen.storyboard in Resources */ = {isa = PBXBuildFile; fileRef = 9A4589B11C7C047B009ACCA9 /* LaunchScreen.storyboard */; };
		9A4589BE1C7C047B009ACCA9 /* JumpGymSwiftTests.swift in Sources */ = {isa = PBXBuildFile; fileRef = 9A4589BD1C7C047B009ACCA9 /* JumpGymSwiftTests.swift */; };
		9A4589C91C7C047B009ACCA9 /* JumpGymSwiftUITests.swift in Sources */ = {isa = PBXBuildFile; fileRef = 9A4589C81C7C047B009ACCA9 /* JumpGymSwiftUITests.swift */; };
/* End PBXBuildFile section */

/* Begin PBXContainerItemProxy section */
		9A4589BA1C7C047B009ACCA9 /* PBXContainerItemProxy */ = {
			isa = PBXContainerItemProxy;
			containerPortal = 9A4589991C7C047B009ACCA9 /* Project object */;
			proxyType = 1;
			remoteGlobalIDString = 9A4589A01C7C047B009ACCA9;
			remoteInfo = JumpGymSwift;
		};
		9A4589C51C7C047B009ACCA9 /* PBXContainerItemProxy */ = {
			isa = PBXContainerItemProxy;
			containerPortal = 9A4589991C7C047B009ACCA9 /* Project object */;
			proxyType = 1;
			remoteGlobalIDString = 9A4589A01C7C047B009ACCA9;
			remoteInfo = JumpGymSwift;
		};
/* End PBXContainerItemProxy section */

/* Begin PBXFileReference section */
		9A4589A11C7C047B009ACCA9 /* JumpGymSwift.app */ = {isa = PBXFileReference; explicitFileType = wrapper.application; includeInIndex = 0; path = JumpGymSwift.app; sourceTree = BUILT_PRODUCTS_DIR; };
		9A4589A41C7C047B009ACCA9 /* AppDelegate.swift */ = {isa = PBXFileReference; lastKnownFileType = sourcecode.swift; path = AppDelegate.swift; sourceTree = "<group>"; };
		9A4589A61C7C047B009ACCA9 /* GameScene.sks */ = {isa = PBXFileReference; lastKnownFileType = file.sks; path = GameScene.sks; sourceTree = "<group>"; };
		9A4589A81C7C047B009ACCA9 /* GameScene.swift */ = {isa = PBXFileReference; lastKnownFileType = sourcecode.swift; path = GameScene.swift; sourceTree = "<group>"; };
		9A4589AA1C7C047B009ACCA9 /* GameViewController.swift */ = {isa = PBXFileReference; lastKnownFileType = sourcecode.swift; path = GameViewController.swift; sourceTree = "<group>"; };
		9A4589AD1C7C047B009ACCA9 /* Base */ = {isa = PBXFileReference; lastKnownFileType = file.storyboard; name = Base; path = Base.lproj/Main.storyboard; sourceTree = "<group>"; };
		9A4589AF1C7C047B009ACCA9 /* Assets.xcassets */ = {isa = PBXFileReference; lastKnownFileType = folder.assetcatalog; path = Assets.xcassets; sourceTree = "<group>"; };
		9A4589B21C7C047B009ACCA9 /* Base */ = {isa = PBXFileReference; lastKnownFileType = file.storyboard; name = Base; path = Base.lproj/LaunchScreen.storyboard; sourceTree = "<group>"; };
		9A4589B41C7C047B009ACCA9 /* Info.plist */ = {isa = PBXFileReference; lastKnownFileType = text.plist.xml; path = Info.plist; sourceTree = "<group>"; };
		9A4589B91C7C047B009ACCA9 /* JumpGymSwiftTests.xctest */ = {isa = PBXFileReference; explicitFileType = wrapper.cfbundle; includeInIndex = 0; path = JumpGymSwiftTests.xctest; sourceTree = BUILT_PRODUCTS_DIR; };
		9A4589BD1C7C047B009ACCA9 /* JumpGymSwiftTests.swift */ = {isa = PBXFileReference; lastKnownFileType = sourcecode.swift; path = JumpGymSwiftTests.swift; sourceTree = "<group>"; };
		9A4589BF1C7C047B009ACCA9 /* Info.plist */ = {isa = PBXFileReference; lastKnownFileType = text.plist.xml; path = Info.plist; sourceTree = "<group>"; };
		9A4589C41C7C047B009ACCA9 /* JumpGymSwiftUITests.xctest */ = {isa = PBXFileReference; explicitFileType = wrapper.cfbundle; includeInIndex = 0; path = JumpGymSwiftUITests.xctest; sourceTree = BUILT_PRODUCTS_DIR; };
		9A4589C81C7C047B009ACCA9 /* JumpGymSwiftUITests.swift */ = {isa = PBXFileReference; lastKnownFileType = sourcecode.swift; path = JumpGymSwiftUITests.swift; sourceTree = "<group>"; };
		9A4589CA1C7C047B009ACCA9 /* Info.plist */ = {isa = PBXFileReference; lastKnownFileType = text.plist.xml; path = Info.plist; sourceTree = "<group>"; };
/* End PBXFileReference section */

/* Begin PBXFrameworksBuildPhase section */
		9A45899E1C7C047B009ACCA9 /* Frameworks */ = {
			isa = PBXFrameworksBuildPhase;
			buildActionMask = 2147483647;
			files = (
			);
			runOnlyForDeploymentPostprocessing = 0;
		};
		9A4589B61C7C047B009ACCA9 /* Frameworks */ = {
			isa = PBXFrameworksBuildPhase;
			buildActionMask = 2147483647;
			files = (
			);
			runOnlyForDeploymentPostprocessing = 0;
		};
		9A4589C11C7C047B009ACCA9 /* Frameworks */ = {
			isa = PBXFrameworksBuildPhase;
			buildActionMask = 2147483647;
			files = (
			);
			runOnlyForDeploymentPostprocessing = 0;
		};
/* End PBXFrameworksBuildPhase section */

/* Begin PBXGroup section */
		9A4589981C7C047B009ACCA9 = {
			isa = PBXGroup;
			children = (
				9A4589A31C7C047B009ACCA9 /* JumpGymSwift */,
				9A4589BC1C7C047B009ACCA9 /* JumpGymSwiftTests */,
				9A4589C71C7C047B009ACCA9 /* JumpGymSwiftUITests */,
				9A4589A21C7C047B009ACCA9 /* Products */,
			);
			sourceTree = "<group>";
		};
		9A4589A21C7C047B009ACCA9 /* Products */ = {
			isa = PBXGroup;
			children = (
				9A4589A11C7C047B009ACCA9 /* JumpGymSwift.app */,
				9A4589B91C7C047B009ACCA9 /* JumpGymSwiftTests.xctest */,
				9A4589C41C7C047B009ACCA9 /* JumpGymSwiftUITests.xctest */,
			);
			name = Products;
			sourceTree = "<group>";
		};
		9A4589A31C7C047B009ACCA9 /* JumpGymSwift */ = {
			isa = PBXGroup;
			children = (
				9A4589A41C7C047B009ACCA9 /* AppDelegate.swift */,
				9A4589A61C7C047B009ACCA9 /* GameScene.sks */,
				9A4589A81C7C047B009ACCA9 /* GameScene.swift */,
				9A4589AA1C7C047B009ACCA9 /* GameViewController.swift */,
				9A4589AC1C7C047B009ACCA9 /* Main.storyboard */,
				9A4589AF1C7C047B009ACCA9 /* Assets.xcassets */,
				9A4589B11C7C047B009ACCA9 /* LaunchScreen.storyboard */,
				9A4589B41C7C047B009ACCA9 /* Info.plist */,
			);
			path = JumpGymSwift;
			sourceTree = "<group>";
		};
		9A4589BC1C7C047B009ACCA9 /* JumpGymSwiftTests */ = {
			isa = PBXGroup;
			children = (
				9A4589BD1C7C047B009ACCA9 /* JumpGymSwiftTests.swift */,
				9A4589BF1C7C047B009ACCA9 /* Info.plist */,
			);
			path = JumpGymSwiftTests;
			sourceTree = "<group>";
		};
		9A4589C71C7C047B009ACCA9 /* JumpGymSwiftUITests */ = {
			isa = PBXGroup;
			children = (
				9A4589C81C7C047B009ACCA9 /* JumpGymSwiftUITests.swift */,
				9A4589CA1C7C047B009ACCA9 /* Info.plist */,
			);
			path = JumpGymSwiftUITests;
			sourceTree = "<group>";
		};
/* End PBXGroup section */

/* Begin PBXNativeTarget section */
		9A4589A01C7C047B009ACCA9 /* JumpGymSwift */ = {
			isa = PBXNativeTarget;
			buildConfigurationList = 9A4589CD1C7C047B009ACCA9 /* Build configuration list for PBXNativeTarget "JumpGymSwift" */;
			buildPhases = (
				9A45899D1C7C047B009ACCA9 /* Sources */,
				9A45899E1C7C047B009ACCA9 /* Frameworks */,
				9A45899F1C7C047B009ACCA9 /* Resources */,
			);
			buildRules = (
			);
			dependencies = (
			);
			name = JumpGymSwift;
			productName = JumpGymSwift;
			productReference = 9A4589A11C7C047B009ACCA9 /* JumpGymSwift.app */;
			productType = "com.apple.product-type.application";
		};
		9A4589B81C7C047B009ACCA9 /* JumpGymSwiftTests */ = {
			isa = PBXNativeTarget;
			buildConfigurationList = 9A4589D01C7C047B009ACCA9 /* Build configuration list for PBXNativeTarget "JumpGymSwiftTests" */;
			buildPhases = (
				9A4589B51C7C047B009ACCA9 /* Sources */,
				9A4589B61C7C047B009ACCA9 /* Frameworks */,
				9A4589B71C7C047B009ACCA9 /* Resources */,
			);
			buildRules = (
			);
			dependencies = (
				9A4589BB1C7C047B009ACCA9 /* PBXTargetDependency */,
			);
			name = JumpGymSwiftTests;
			productName = JumpGymSwiftTests;
			productReference = 9A4589B91C7C047B009ACCA9 /* JumpGymSwiftTests.xctest */;
			productType = "com.apple.product-type.bundle.unit-test";
		};
		9A4589C31C7C047B009ACCA9 /* JumpGymSwiftUITests */ = {
			isa = PBXNativeTarget;
			buildConfigurationList = 9A4589D31C7C047B009ACCA9 /* Build configuration list for PBXNativeTarget "JumpGymSwiftUITests" */;
			buildPhases = (
				9A4589C01C7C047B009ACCA9 /* Sources */,
				9A4589C11C7C047B009ACCA9 /* Frameworks */,
				9A4589C21C7C047B009ACCA9 /* Resources */,
			);
			buildRules = (
			);
			dependencies = (
				9A4589C61C7C047B009ACCA9 /* PBXTargetDependency */,
			);
			name = JumpGymSwiftUITests;
			productName = JumpGymSwiftUITests;
			productReference = 9A4589C41C7C047B009ACCA9 /* JumpGymSwiftUITests.xctest */;
			productType = "com.apple.product-type.bundle.ui-testing";
		};
/* End PBXNativeTarget section */

/* Begin PBXProject section */
		9A4589991C7C047B009ACCA9 /* Project object */ = {
			isa = PBXProject;
			attributes = {
				LastSwiftUpdateCheck = 0720;
				LastUpgradeCheck = 0720;
				ORGANIZATIONNAME = "Mmachi Obiorah";
				TargetAttributes = {
					9A4589A01C7C047B009ACCA9 = {
						CreatedOnToolsVersion = 7.2.1;
						DevelopmentTeam = KMZQACDEU9;
					};
					9A4589B81C7C047B009ACCA9 = {
						CreatedOnToolsVersion = 7.2.1;
						DevelopmentTeam = KMZQACDEU9;
						TestTargetID = 9A4589A01C7C047B009ACCA9;
					};
					9A4589C31C7C047B009ACCA9 = {
						CreatedOnToolsVersion = 7.2.1;
						DevelopmentTeam = KMZQACDEU9;
						TestTargetID = 9A4589A01C7C047B009ACCA9;
					};
				};
			};
			buildConfigurationList = 9A45899C1C7C047B009ACCA9 /* Build configuration list for PBXProject "JumpGymSwift" */;
			compatibilityVersion = "Xcode 3.2";
			developmentRegion = English;
			hasScannedForEncodings = 0;
			knownRegions = (
				en,
				Base,
			);
			mainGroup = 9A4589981C7C047B009ACCA9;
			productRefGroup = 9A4589A21C7C047B009ACCA9 /* Products */;
			projectDirPath = "";
			projectRoot = "";
			targets = (
				9A4589A01C7C047B009ACCA9 /* JumpGymSwift */,
				9A4589B81C7C047B009ACCA9 /* JumpGymSwiftTests */,
				9A4589C31C7C047B009ACCA9 /* JumpGymSwiftUITests */,
			);
		};
/* End PBXProject section */

/* Begin PBXResourcesBuildPhase section */
		9A45899F1C7C047B009ACCA9 /* Resources */ = {
			isa = PBXResourcesBuildPhase;
			buildActionMask = 2147483647;
			files = (
				9A4589A71C7C047B009ACCA9 /* GameScene.sks in Resources */,
				9A4589B31C7C047B009ACCA9 /* LaunchScreen.storyboard in Resources */,
				9A4589B01C7C047B009ACCA9 /* Assets.xcassets in Resources */,
				9A4589AE1C7C047B009ACCA9 /* Main.storyboard in Resources */,
			);
			runOnlyForDeploymentPostprocessing = 0;
		};
		9A4589B71C7C047B009ACCA9 /* Resources */ = {
			isa = PBXResourcesBuildPhase;
			buildActionMask = 2147483647;
			files = (
			);
			runOnlyForDeploymentPostprocessing = 0;
		};
		9A4589C21C7C047B009ACCA9 /* Resources */ = {
			isa = PBXResourcesBuildPhase;
			buildActionMask = 2147483647;
			files = (
			);
			runOnlyForDeploymentPostprocessing = 0;
		};
/* End PBXResourcesBuildPhase section */

/* Begin PBXSourcesBuildPhase section */
		9A45899D1C7C047B009ACCA9 /* Sources */ = {
			isa = PBXSourcesBuildPhase;
			buildActionMask = 2147483647;
			files = (
				9A4589A91C7C047B009ACCA9 /* GameScene.swift in Sources */,
				9A4589AB1C7C047B009ACCA9 /* GameViewController.swift in Sources */,
				9A4589A51C7C047B009ACCA9 /* AppDelegate.swift in Sources */,
			);
			runOnlyForDeploymentPostprocessing = 0;
		};
		9A4589B51C7C047B009ACCA9 /* Sources */ = {
			isa = PBXSourcesBuildPhase;
			buildActionMask = 2147483647;
			files = (
				9A4589BE1C7C047B009ACCA9 /* JumpGymSwiftTests.swift in Sources */,
			);
			runOnlyForDeploymentPostprocessing = 0;
		};
		9A4589C01C7C047B009ACCA9 /* Sources */ = {
			isa = PBXSourcesBuildPhase;
			buildActionMask = 2147483647;
			files = (
				9A4589C91C7C047B009ACCA9 /* JumpGymSwiftUITests.swift in Sources */,
			);
			runOnlyForDeploymentPostprocessing = 0;
		};
/* End PBXSourcesBuildPhase section */

/* Begin PBXTargetDependency section */
		9A4589BB1C7C047B009ACCA9 /* PBXTargetDependency */ = {
			isa = PBXTargetDependency;
			target = 9A4589A01C7C047B009ACCA9 /* JumpGymSwift */;
			targetProxy = 9A4589BA1C7C047B009ACCA9 /* PBXContainerItemProxy */;
		};
		9A4589C61C7C047B009ACCA9 /* PBXTargetDependency */ = {
			isa = PBXTargetDependency;
			target = 9A4589A01C7C047B009ACCA9 /* JumpGymSwift */;
			targetProxy = 9A4589C51C7C047B009ACCA9 /* PBXContainerItemProxy */;
		};
/* End PBXTargetDependency section */

/* Begin PBXVariantGroup section */
		9A4589AC1C7C047B009ACCA9 /* Main.storyboard */ = {
			isa = PBXVariantGroup;
			children = (
				9A4589AD1C7C047B009ACCA9 /* Base */,
			);
			name = Main.storyboard;
			sourceTree = "<group>";
		};
		9A4589B11C7C047B009ACCA9 /* LaunchScreen.storyboard */ = {
			isa = PBXVariantGroup;
			children = (
				9A4589B21C7C047B009ACCA9 /* Base */,
			);
			name = LaunchScreen.storyboard;
			sourceTree = "<group>";
		};
/* End PBXVariantGroup section */

/* Begin XCBuildConfiguration section */
		9A4589CB1C7C047B009ACCA9 /* Debug */ = {
			isa = XCBuildConfiguration;
			buildSettings = {
				ALWAYS_SEARCH_USER_PATHS = NO;
				CLANG_CXX_LANGUAGE_STANDARD = "gnu++0x";
				CLANG_CXX_LIBRARY = "libc++";
				CLANG_ENABLE_MODULES = YES;
				CLANG_ENABLE_OBJC_ARC = YES;
				CLANG_WARN_BOOL_CONVERSION = YES;
				CLANG_WARN_CONSTANT_CONVERSION = YES;
				CLANG_WARN_DIRECT_OBJC_ISA_USAGE = YES_ERROR;
				CLANG_WARN_EMPTY_BODY = YES;
				CLANG_WARN_ENUM_CONVERSION = YES;
				CLANG_WARN_INT_CONVERSION = YES;
				CLANG_WARN_OBJC_ROOT_CLASS = YES_ERROR;
				CLANG_WARN_UNREACHABLE_CODE = YES;
				CLANG_WARN__DUPLICATE_METHOD_MATCH = YES;
				"CODE_SIGN_IDENTITY[sdk=iphoneos*]" = "iPhone Developer";
				COPY_PHASE_STRIP = NO;
				DEBUG_INFORMATION_FORMAT = "dwarf-with-dsym";
				ENABLE_STRICT_OBJC_MSGSEND = YES;
				ENABLE_TESTABILITY = YES;
				GCC_C_LANGUAGE_STANDARD = gnu99;
				GCC_DYNAMIC_NO_PIC = NO;
				GCC_NO_COMMON_BLOCKS = YES;
				GCC_OPTIMIZATION_LEVEL = 0;
				GCC_PREPROCESSOR_DEFINITIONS = (
					"DEBUG=1",
					"$(inherited)",
				);
				GCC_WARN_64_TO_32_BIT_CONVERSION = YES;
				GCC_WARN_ABOUT_RETURN_TYPE = YES_ERROR;
				GCC_WARN_UNDECLARED_SELECTOR = YES;
				GCC_WARN_UNINITIALIZED_AUTOS = YES_AGGRESSIVE;
				GCC_WARN_UNUSED_FUNCTION = YES;
				GCC_WARN_UNUSED_VARIABLE = YES;
				IPHONEOS_DEPLOYMENT_TARGET = 9.2;
				MTL_ENABLE_DEBUG_INFO = YES;
				ONLY_ACTIVE_ARCH = YES;
				SDKROOT = iphoneos;
				SWIFT_OPTIMIZATION_LEVEL = "-Onone";
			};
			name = Debug;
		};
		9A4589CC1C7C047B009ACCA9 /* Release */ = {
			isa = XCBuildConfiguration;
			buildSettings = {
				ALWAYS_SEARCH_USER_PATHS = NO;
				CLANG_CXX_LANGUAGE_STANDARD = "gnu++0x";
				CLANG_CXX_LIBRARY = "libc++";
				CLANG_ENABLE_MODULES = YES;
				CLANG_ENABLE_OBJC_ARC = YES;
				CLANG_WARN_BOOL_CONVERSION = YES;
				CLANG_WARN_CONSTANT_CONVERSION = YES;
				CLANG_WARN_DIRECT_OBJC_ISA_USAGE = YES_ERROR;
				CLANG_WARN_EMPTY_BODY = YES;
				CLANG_WARN_ENUM_CONVERSION = YES;
				CLANG_WARN_INT_CONVERSION = YES;
				CLANG_WARN_OBJC_ROOT_CLASS = YES_ERROR;
				CLANG_WARN_UNREACHABLE_CODE = YES;
				CLANG_WARN__DUPLICATE_METHOD_MATCH = YES;
				"CODE_SIGN_IDENTITY[sdk=iphoneos*]" = "iPhone Developer";
				COPY_PHASE_STRIP = NO;
				DEBUG_INFORMATION_FORMAT = "dwarf-with-dsym";
				ENABLE_NS_ASSERTIONS = NO;
				ENABLE_STRICT_OBJC_MSGSEND = YES;
				GCC_C_LANGUAGE_STANDARD = gnu99;
				GCC_NO_COMMON_BLOCKS = YES;
				GCC_WARN_64_TO_32_BIT_CONVERSION = YES;
				GCC_WARN_ABOUT_RETURN_TYPE = YES_ERROR;
				GCC_WARN_UNDECLARED_SELECTOR = YES;
				GCC_WARN_UNINITIALIZED_AUTOS = YES_AGGRESSIVE;
				GCC_WARN_UNUSED_FUNCTION = YES;
				GCC_WARN_UNUSED_VARIABLE = YES;
				IPHONEOS_DEPLOYMENT_TARGET = 9.2;
				MTL_ENABLE_DEBUG_INFO = NO;
				SDKROOT = iphoneos;
				VALIDATE_PRODUCT = YES;
			};
			name = Release;
		};
		9A4589CE1C7C047B009ACCA9 /* Debug */ = {
			isa = XCBuildConfiguration;
			buildSettings = {
				ASSETCATALOG_COMPILER_APPICON_NAME = AppIcon;
				INFOPLIST_FILE = JumpGymSwift/Info.plist;
				LD_RUNPATH_SEARCH_PATHS = "$(inherited) @executable_path/Frameworks";
				PRODUCT_BUNDLE_IDENTIFIER = obiorahm.JumpGymSwift;
				PRODUCT_NAME = "$(TARGET_NAME)";
			};
			name = Debug;
		};
		9A4589CF1C7C047B009ACCA9 /* Release */ = {
			isa = XCBuildConfiguration;
			buildSettings = {
				ASSETCATALOG_COMPILER_APPICON_NAME = AppIcon;
				INFOPLIST_FILE = JumpGymSwift/Info.plist;
				LD_RUNPATH_SEARCH_PATHS = "$(inherited) @executable_path/Frameworks";
				PRODUCT_BUNDLE_IDENTIFIER = obiorahm.JumpGymSwift;
				PRODUCT_NAME = "$(TARGET_NAME)";
			};
			name = Release;
		};
		9A4589D11C7C047B009ACCA9 /* Debug */ = {
			isa = XCBuildConfiguration;
			buildSettings = {
				BUNDLE_LOADER = "$(TEST_HOST)";
				DEBUG_INFORMATION_FORMAT = dwarf;
				INFOPLIST_FILE = JumpGymSwiftTests/Info.plist;
				LD_RUNPATH_SEARCH_PATHS = "$(inherited) @executable_path/Frameworks @loader_path/Frameworks";
				PRODUCT_BUNDLE_IDENTIFIER = obiorahm.JumpGymSwiftTests;
				PRODUCT_NAME = "$(TARGET_NAME)";
				TEST_HOST = "$(BUILT_PRODUCTS_DIR)/JumpGymSwift.app/JumpGymSwift";
			};
			name = Debug;
		};
		9A4589D21C7C047B009ACCA9 /* Release */ = {
			isa = XCBuildConfiguration;
			buildSettings = {
				BUNDLE_LOADER = "$(TEST_HOST)";
				INFOPLIST_FILE = JumpGymSwiftTests/Info.plist;
				LD_RUNPATH_SEARCH_PATHS = "$(inherited) @executable_path/Frameworks @loader_path/Frameworks";
				PRODUCT_BUNDLE_IDENTIFIER = obiorahm.JumpGymSwiftTests;
				PRODUCT_NAME = "$(TARGET_NAME)";
				TEST_HOST = "$(BUILT_PRODUCTS_DIR)/JumpGymSwift.app/JumpGymSwift";
			};
			name = Release;
		};
		9A4589D41C7C047B009ACCA9 /* Debug */ = {
			isa = XCBuildConfiguration;
			buildSettings = {
				DEBUG_INFORMATION_FORMAT = dwarf;
				INFOPLIST_FILE = JumpGymSwiftUITests/Info.plist;
				LD_RUNPATH_SEARCH_PATHS = "$(inherited) @executable_path/Frameworks @loader_path/Frameworks";
				PRODUCT_BUNDLE_IDENTIFIER = obiorahm.JumpGymSwiftUITests;
				PRODUCT_NAME = "$(TARGET_NAME)";
				TEST_TARGET_NAME = JumpGymSwift;
				USES_XCTRUNNER = YES;
			};
			name = Debug;
		};
		9A4589D51C7C047B009ACCA9 /* Release */ = {
			isa = XCBuildConfiguration;
			buildSettings = {
				INFOPLIST_FILE = JumpGymSwiftUITests/Info.plist;
				LD_RUNPATH_SEARCH_PATHS = "$(inherited) @executable_path/Frameworks @loader_path/Frameworks";
				PRODUCT_BUNDLE_IDENTIFIER = obiorahm.JumpGymSwiftUITests;
				PRODUCT_NAME = "$(TARGET_NAME)";
				TEST_TARGET_NAME = JumpGymSwift;
				USES_XCTRUNNER = YES;
			};
			name = Release;
		};
/* End XCBuildConfiguration section */

/* Begin XCConfigurationList section */
		9A45899C1C7C047B009ACCA9 /* Build configuration list for PBXProject "JumpGymSwift" */ = {
			isa = XCConfigurationList;
			buildConfigurations = (
				9A4589CB1C7C047B009ACCA9 /* Debug */,
				9A4589CC1C7C047B009ACCA9 /* Release */,
			);
			defaultConfigurationIsVisible = 0;
			defaultConfigurationName = Release;
		};
		9A4589CD1C7C047B009ACCA9 /* Build configuration list for PBXNativeTarget "JumpGymSwift" */ = {
			isa = XCConfigurationList;
			buildConfigurations = (
				9A4589CE1C7C047B009ACCA9 /* Debug */,
				9A4589CF1C7C047B009ACCA9 /* Release */,
			);
			defaultConfigurationIsVisible = 0;
		};
		9A4589D01C7C047B009ACCA9 /* Build configuration list for PBXNativeTarget "JumpGymSwiftTests" */ = {
			isa = XCConfigurationList;
			buildConfigurations = (
				9A4589D11C7C047B009ACCA9 /* Debug */,
				9A4589D21C7C047B009ACCA9 /* Release */,
			);
			defaultConfigurationIsVisible = 0;
		};
		9A4589D31C7C047B009ACCA9 /* Build configuration list for PBXNativeTarget "JumpGymSwiftUITests" */ = {
			isa = XCConfigurationList;
			buildConfigurations = (
				9A4589D41C7C047B009ACCA9 /* Debug */,
				9A4589D51C7C047B009ACCA9 /* Release */,
			);
			defaultConfigurationIsVisible = 0;
		};
/* End XCConfigurationList section */
	};
	rootObject = 9A4589991C7C047B009ACCA9 /* Project object */;
}
